
Microsoft Visual Studio Solution File, Format Version 12.00
# Visual Studio 15
VisualStudioVersion = 15.0.28307.329
MinimumVisualStudioVersion = 10.0.40219.1
Project("{FAE04EC0-301F-11D3-BF4B-00C04F79EFBC}") = "Mongodb gui", "Mongodb gui\Mongodb gui.csproj", "{4CAB5B91-B942-40CF-A44F-37FEE65D2056}"
EndProject
Global
	GlobalSection(SolutionConfigurationPlatforms) = preSolution
		Debug|Any CPU = Debug|Any CPU
		Release|Any CPU = Release|Any CPU
	EndGlobalSection
	GlobalSection(ProjectConfigurationPlatforms) = postSolution
		{4CAB5B91-B942-40CF-A44F-37FEE65D2056}.Debug|Any CPU.ActiveCfg = Debug|Any CPU
		{4CAB5B91-B942-40CF-A44F-37FEE65D2056}.Debug|Any CPU.Build.0 = Debug|Any CPU
		{4CAB5B91-B942-40CF-A44F-37FEE65D2056}.Release|Any CPU.ActiveCfg = Release|Any CPU
		{4CAB5B91-B942-40CF-A44F-37FEE65D2056}.Release|Any CPU.Build.0 = Release|Any CPU
	EndGlobalSection
	GlobalSection(SolutionProperties) = preSolution
		HideSolutionNode = FALSE
	EndGlobalSection
	GlobalSection(ExtensibilityGlobals) = postSolution
		SolutionGuid = {7582F882-98EA-4026-B5BB-630A118DAAD5}
	EndGlobalSection
EndGlobal
